
Microsoft Visual Studio Solution File, Format Version 12.00
# Visual Studio Version 17
VisualStudioVersion = 17.10.35122.118
MinimumVisualStudioVersion = 10.0.40219.1
Project("{9A19103F-16F7-4668-BE54-9A1E7A4F7556}") = "ReservaT2M", "ReservaApi\ReservaT2M.csproj", "{EC380D52-6E4F-4F17-8E90-4CFC2BEE6208}"
EndProject
Project("{FAE04EC0-301F-11D3-BF4B-00C04F79EFBC}") = "Reserva.Tests", "..\Reserva.Tests\Reserva.Tests.csproj", "{860E415D-1D21-4D96-9BC0-A772D7F35B38}"
EndProject
Global
	GlobalSection(SolutionConfigurationPlatforms) = preSolution
		Debug|Any CPU = Debug|Any CPU
		Release|Any CPU = Release|Any CPU
	EndGlobalSection
	GlobalSection(ProjectConfigurationPlatforms) = postSolution
		{EC380D52-6E4F-4F17-8E90-4CFC2BEE6208}.Debug|Any CPU.ActiveCfg = Debug|Any CPU
		{EC380D52-6E4F-4F17-8E90-4CFC2BEE6208}.Debug|Any CPU.Build.0 = Debug|Any CPU
		{EC380D52-6E4F-4F17-8E90-4CFC2BEE6208}.Release|Any CPU.ActiveCfg = Release|Any CPU
		{EC380D52-6E4F-4F17-8E90-4CFC2BEE6208}.Release|Any CPU.Build.0 = Release|Any CPU
		{860E415D-1D21-4D96-9BC0-A772D7F35B38}.Debug|Any CPU.ActiveCfg = Debug|Any CPU
		{860E415D-1D21-4D96-9BC0-A772D7F35B38}.Debug|Any CPU.Build.0 = Debug|Any CPU
		{860E415D-1D21-4D96-9BC0-A772D7F35B38}.Release|Any CPU.ActiveCfg = Release|Any CPU
		{860E415D-1D21-4D96-9BC0-A772D7F35B38}.Release|Any CPU.Build.0 = Release|Any CPU
	EndGlobalSection
	GlobalSection(SolutionProperties) = preSolution
		HideSolutionNode = FALSE
	EndGlobalSection
	GlobalSection(ExtensibilityGlobals) = postSolution
		SolutionGuid = {BB956197-2F7A-438C-968D-8329D8CE064E}
	EndGlobalSection
EndGlobal
